// !$*UTF8*$!
{
	archiveVersion = 1;
	classes = {
	};
	objectVersion = 55;
	objects = {

/* Begin PBXBuildFile section */
		6D617A1127A0CF830028164D /* PersonTableViewCell.swift in Sources */ = {isa = PBXBuildFile; fileRef = 6D617A1027A0CF830028164D /* PersonTableViewCell.swift */; };
		6D8B1CD3279F5CFC00DBD4B9 /* AppDelegate.swift in Sources */ = {isa = PBXBuildFile; fileRef = 6D8B1CD2279F5CFC00DBD4B9 /* AppDelegate.swift */; };
		6D8B1CD5279F5CFC00DBD4B9 /* SceneDelegate.swift in Sources */ = {isa = PBXBuildFile; fileRef = 6D8B1CD4279F5CFC00DBD4B9 /* SceneDelegate.swift */; };
		6D8B1CDA279F5CFC00DBD4B9 /* Main.storyboard in Resources */ = {isa = PBXBuildFile; fileRef = 6D8B1CD8279F5CFC00DBD4B9 /* Main.storyboard */; };
		6D8B1CDC279F5CFE00DBD4B9 /* Assets.xcassets in Resources */ = {isa = PBXBuildFile; fileRef = 6D8B1CDB279F5CFE00DBD4B9 /* Assets.xcassets */; };
		6D8B1CDF279F5CFE00DBD4B9 /* LaunchScreen.storyboard in Resources */ = {isa = PBXBuildFile; fileRef = 6D8B1CDD279F5CFE00DBD4B9 /* LaunchScreen.storyboard */; };
		6D8B1CEA279F633700DBD4B9 /* Person.swift in Sources */ = {isa = PBXBuildFile; fileRef = 6D8B1CE9279F633700DBD4B9 /* Person.swift */; };
		6D8B1CED279F643500DBD4B9 /* Group.swift in Sources */ = {isa = PBXBuildFile; fileRef = 6D8B1CEC279F643500DBD4B9 /* Group.swift */; };
		6D8B1CF6279F680100DBD4B9 /* GroupListTableViewController.swift in Sources */ = {isa = PBXBuildFile; fileRef = 6D8B1CF5279F680100DBD4B9 /* GroupListTableViewController.swift */; };
		6D8B1CF8279F682400DBD4B9 /* PersonListTableViewController.swift in Sources */ = {isa = PBXBuildFile; fileRef = 6D8B1CF7279F682400DBD4B9 /* PersonListTableViewController.swift */; };
		6D8B1CFA279F684C00DBD4B9 /* PersonDetailViewController.swift in Sources */ = {isa = PBXBuildFile; fileRef = 6D8B1CF9279F684C00DBD4B9 /* PersonDetailViewController.swift */; };
		6D8B1CFC279F689D00DBD4B9 /* PersonController.swift in Sources */ = {isa = PBXBuildFile; fileRef = 6D8B1CFB279F689D00DBD4B9 /* PersonController.swift */; };
		6D8B1CFE279F68A800DBD4B9 /* GroupController.swift in Sources */ = {isa = PBXBuildFile; fileRef = 6D8B1CFD279F68A800DBD4B9 /* GroupController.swift */; };
/* End PBXBuildFile section */

/* Begin PBXFileReference section */
		6D617A1027A0CF830028164D /* PersonTableViewCell.swift */ = {isa = PBXFileReference; lastKnownFileType = sourcecode.swift; path = PersonTableViewCell.swift; sourceTree = "<group>"; };
		6D8B1CCF279F5CFC00DBD4B9 /* AddressBook.app */ = {isa = PBXFileReference; explicitFileType = wrapper.application; includeInIndex = 0; path = AddressBook.app; sourceTree = BUILT_PRODUCTS_DIR; };
		6D8B1CD2279F5CFC00DBD4B9 /* AppDelegate.swift */ = {isa = PBXFileReference; lastKnownFileType = sourcecode.swift; path = AppDelegate.swift; sourceTree = "<group>"; };
		6D8B1CD4279F5CFC00DBD4B9 /* SceneDelegate.swift */ = {isa = PBXFileReference; lastKnownFileType = sourcecode.swift; path = SceneDelegate.swift; sourceTree = "<group>"; };
		6D8B1CD9279F5CFC00DBD4B9 /* Base */ = {isa = PBXFileReference; lastKnownFileType = file.storyboard; name = Base; path = Base.lproj/Main.storyboard; sourceTree = "<group>"; };
		6D8B1CDB279F5CFE00DBD4B9 /* Assets.xcassets */ = {isa = PBXFileReference; lastKnownFileType = folder.assetcatalog; path = Assets.xcassets; sourceTree = "<group>"; };
		6D8B1CDE279F5CFE00DBD4B9 /* Base */ = {isa = PBXFileReference; lastKnownFileType = file.storyboard; name = Base; path = Base.lproj/LaunchScreen.storyboard; sourceTree = "<group>"; };
		6D8B1CE0279F5CFE00DBD4B9 /* Info.plist */ = {isa = PBXFileReference; lastKnownFileType = text.plist.xml; path = Info.plist; sourceTree = "<group>"; };
		6D8B1CE9279F633700DBD4B9 /* Person.swift */ = {isa = PBXFileReference; lastKnownFileType = sourcecode.swift; path = Person.swift; sourceTree = "<group>"; };
		6D8B1CEC279F643500DBD4B9 /* Group.swift */ = {isa = PBXFileReference; lastKnownFileType = sourcecode.swift; path = Group.swift; sourceTree = "<group>"; };
		6D8B1CF5279F680100DBD4B9 /* GroupListTableViewController.swift */ = {isa = PBXFileReference; lastKnownFileType = sourcecode.swift; path = GroupListTableViewController.swift; sourceTree = "<group>"; };
		6D8B1CF7279F682400DBD4B9 /* PersonListTableViewController.swift */ = {isa = PBXFileReference; lastKnownFileType = sourcecode.swift; path = PersonListTableViewController.swift; sourceTree = "<group>"; };
		6D8B1CF9279F684C00DBD4B9 /* PersonDetailViewController.swift */ = {isa = PBXFileReference; lastKnownFileType = sourcecode.swift; path = PersonDetailViewController.swift; sourceTree = "<group>"; };
		6D8B1CFB279F689D00DBD4B9 /* PersonController.swift */ = {isa = PBXFileReference; lastKnownFileType = sourcecode.swift; path = PersonController.swift; sourceTree = "<group>"; };
		6D8B1CFD279F68A800DBD4B9 /* GroupController.swift */ = {isa = PBXFileReference; lastKnownFileType = sourcecode.swift; path = GroupController.swift; sourceTree = "<group>"; };
/* End PBXFileReference section */

/* Begin PBXFrameworksBuildPhase section */
		6D8B1CCC279F5CFC00DBD4B9 /* Frameworks */ = {
			isa = PBXFrameworksBuildPhase;
			buildActionMask = 2147483647;
			files = (
			);
			runOnlyForDeploymentPostprocessing = 0;
		};
/* End PBXFrameworksBuildPhase section */

/* Begin PBXGroup section */
		6D617A0F27A0CF220028164D /* CustomCells */ = {
			isa = PBXGroup;
			children = (
				6D617A1027A0CF830028164D /* PersonTableViewCell.swift */,
			);
			path = CustomCells;
			sourceTree = "<group>";
		};
		6D8B1CC6279F5CFC00DBD4B9 = {
			isa = PBXGroup;
			children = (
				6D8B1CD1279F5CFC00DBD4B9 /* AddressBook */,
				6D8B1CD0279F5CFC00DBD4B9 /* Products */,
			);
			sourceTree = "<group>";
		};
		6D8B1CD0279F5CFC00DBD4B9 /* Products */ = {
			isa = PBXGroup;
			children = (
				6D8B1CCF279F5CFC00DBD4B9 /* AddressBook.app */,
			);
			name = Products;
			sourceTree = "<group>";
		};
		6D8B1CD1279F5CFC00DBD4B9 /* AddressBook */ = {
			isa = PBXGroup;
			children = (
				6D8B1CF2279F677800DBD4B9 /* Controllers */,
				6D8B1CE8279F632200DBD4B9 /* Models */,
				6D8B1CE6279F5FC000DBD4B9 /* Resources */,
				6D8B1CE7279F5FCD00DBD4B9 /* Views */,
			);
			path = AddressBook;
			sourceTree = "<group>";
		};
		6D8B1CE6279F5FC000DBD4B9 /* Resources */ = {
			isa = PBXGroup;
			children = (
				6D8B1CD2279F5CFC00DBD4B9 /* AppDelegate.swift */,
				6D8B1CD4279F5CFC00DBD4B9 /* SceneDelegate.swift */,
				6D8B1CDB279F5CFE00DBD4B9 /* Assets.xcassets */,
				6D8B1CE0279F5CFE00DBD4B9 /* Info.plist */,
			);
			path = Resources;
			sourceTree = "<group>";
		};
		6D8B1CE7279F5FCD00DBD4B9 /* Views */ = {
			isa = PBXGroup;
			children = (
				6D8B1CD8279F5CFC00DBD4B9 /* Main.storyboard */,
				6D8B1CDD279F5CFE00DBD4B9 /* LaunchScreen.storyboard */,
			);
			path = Views;
			sourceTree = "<group>";
		};
		6D8B1CE8279F632200DBD4B9 /* Models */ = {
			isa = PBXGroup;
			children = (
				6D8B1CE9279F633700DBD4B9 /* Person.swift */,
				6D8B1CEC279F643500DBD4B9 /* Group.swift */,
			);
			path = Models;
			sourceTree = "<group>";
		};
		6D8B1CF2279F677800DBD4B9 /* Controllers */ = {
			isa = PBXGroup;
			children = (
				6D8B1CF4279F679D00DBD4B9 /* ViewControllers */,
				6D8B1CF3279F678500DBD4B9 /* ModelControllers */,
			);
			path = Controllers;
			sourceTree = "<group>";
		};
		6D8B1CF3279F678500DBD4B9 /* ModelControllers */ = {
			isa = PBXGroup;
			children = (
				6D8B1CFB279F689D00DBD4B9 /* PersonController.swift */,
				6D8B1CFD279F68A800DBD4B9 /* GroupController.swift */,
			);
			path = ModelControllers;
			sourceTree = "<group>";
		};
		6D8B1CF4279F679D00DBD4B9 /* ViewControllers */ = {
			isa = PBXGroup;
			children = (
				6D617A0F27A0CF220028164D /* CustomCells */,
				6D8B1CF5279F680100DBD4B9 /* GroupListTableViewController.swift */,
				6D8B1CF7279F682400DBD4B9 /* PersonListTableViewController.swift */,
				6D8B1CF9279F684C00DBD4B9 /* PersonDetailViewController.swift */,
			);
			path = ViewControllers;
			sourceTree = "<group>";
		};
/* End PBXGroup section */

/* Begin PBXNativeTarget section */
		6D8B1CCE279F5CFC00DBD4B9 /* AddressBook */ = {
			isa = PBXNativeTarget;
			buildConfigurationList = 6D8B1CE3279F5CFE00DBD4B9 /* Build configuration list for PBXNativeTarget "AddressBook" */;
			buildPhases = (
				6D8B1CCB279F5CFC00DBD4B9 /* Sources */,
				6D8B1CCC279F5CFC00DBD4B9 /* Frameworks */,
				6D8B1CCD279F5CFC00DBD4B9 /* Resources */,
			);
			buildRules = (
			);
			dependencies = (
			);
			name = AddressBook;
			productName = AddressBook;
			productReference = 6D8B1CCF279F5CFC00DBD4B9 /* AddressBook.app */;
			productType = "com.apple.product-type.application";
		};
/* End PBXNativeTarget section */

/* Begin PBXProject section */
		6D8B1CC7279F5CFC00DBD4B9 /* Project object */ = {
			isa = PBXProject;
			attributes = {
				BuildIndependentTargetsInParallel = 1;
				LastSwiftUpdateCheck = 1310;
				LastUpgradeCheck = 1310;
				TargetAttributes = {
					6D8B1CCE279F5CFC00DBD4B9 = {
						CreatedOnToolsVersion = 13.1;
					};
				};
			};
			buildConfigurationList = 6D8B1CCA279F5CFC00DBD4B9 /* Build configuration list for PBXProject "AddressBook" */;
			compatibilityVersion = "Xcode 13.0";
			developmentRegion = en;
			hasScannedForEncodings = 0;
			knownRegions = (
				en,
				Base,
			);
			mainGroup = 6D8B1CC6279F5CFC00DBD4B9;
			productRefGroup = 6D8B1CD0279F5CFC00DBD4B9 /* Products */;
			projectDirPath = "";
			projectRoot = "";
			targets = (
				6D8B1CCE279F5CFC00DBD4B9 /* AddressBook */,
			);
		};
/* End PBXProject section */

/* Begin PBXResourcesBuildPhase section */
		6D8B1CCD279F5CFC00DBD4B9 /* Resources */ = {
			isa = PBXResourcesBuildPhase;
			buildActionMask = 2147483647;
			files = (
				6D8B1CDF279F5CFE00DBD4B9 /* LaunchScreen.storyboard in Resources */,
				6D8B1CDC279F5CFE00DBD4B9 /* Assets.xcassets in Resources */,
				6D8B1CDA279F5CFC00DBD4B9 /* Main.storyboard in Resources */,
			);
			runOnlyForDeploymentPostprocessing = 0;
		};
/* End PBXResourcesBuildPhase section */

/* Begin PBXSourcesBuildPhase section */
		6D8B1CCB279F5CFC00DBD4B9 /* Sources */ = {
			isa = PBXSourcesBuildPhase;
			buildActionMask = 2147483647;
			files = (
				6D8B1CEA279F633700DBD4B9 /* Person.swift in Sources */,
				6D8B1CD3279F5CFC00DBD4B9 /* AppDelegate.swift in Sources */,
				6D8B1CFE279F68A800DBD4B9 /* GroupController.swift in Sources */,
				6D8B1CF8279F682400DBD4B9 /* PersonListTableViewController.swift in Sources */,
				6D8B1CD5279F5CFC00DBD4B9 /* SceneDelegate.swift in Sources */,
				6D8B1CFC279F689D00DBD4B9 /* PersonController.swift in Sources */,
				6D8B1CED279F643500DBD4B9 /* Group.swift in Sources */,
				6D8B1CFA279F684C00DBD4B9 /* PersonDetailViewController.swift in Sources */,
				6D617A1127A0CF830028164D /* PersonTableViewCell.swift in Sources */,
				6D8B1CF6279F680100DBD4B9 /* GroupListTableViewController.swift in Sources */,
			);
			runOnlyForDeploymentPostprocessing = 0;
		};
/* End PBXSourcesBuildPhase section */

/* Begin PBXVariantGroup section */
		6D8B1CD8279F5CFC00DBD4B9 /* Main.storyboard */ = {
			isa = PBXVariantGroup;
			children = (
				6D8B1CD9279F5CFC00DBD4B9 /* Base */,
			);
			name = Main.storyboard;
			sourceTree = "<group>";
		};
		6D8B1CDD279F5CFE00DBD4B9 /* LaunchScreen.storyboard */ = {
			isa = PBXVariantGroup;
			children = (
				6D8B1CDE279F5CFE00DBD4B9 /* Base */,
			);
			name = LaunchScreen.storyboard;
			sourceTree = "<group>";
		};
/* End PBXVariantGroup section */

/* Begin XCBuildConfiguration section */
		6D8B1CE1279F5CFE00DBD4B9 /* Debug */ = {
			isa = XCBuildConfiguration;
			buildSettings = {
				ALWAYS_SEARCH_USER_PATHS = NO;
				CLANG_ANALYZER_NONNULL = YES;
				CLANG_ANALYZER_NUMBER_OBJECT_CONVERSION = YES_AGGRESSIVE;
				CLANG_CXX_LANGUAGE_STANDARD = "gnu++17";
				CLANG_CXX_LIBRARY = "libc++";
				CLANG_ENABLE_MODULES = YES;
				CLANG_ENABLE_OBJC_ARC = YES;
				CLANG_ENABLE_OBJC_WEAK = YES;
				CLANG_WARN_BLOCK_CAPTURE_AUTORELEASING = YES;
				CLANG_WARN_BOOL_CONVERSION = YES;
				CLANG_WARN_COMMA = YES;
				CLANG_WARN_CONSTANT_CONVERSION = YES;
				CLANG_WARN_DEPRECATED_OBJC_IMPLEMENTATIONS = YES;
				CLANG_WARN_DIRECT_OBJC_ISA_USAGE = YES_ERROR;
				CLANG_WARN_DOCUMENTATION_COMMENTS = YES;
				CLANG_WARN_EMPTY_BODY = YES;
				CLANG_WARN_ENUM_CONVERSION = YES;
				CLANG_WARN_INFINITE_RECURSION = YES;
				CLANG_WARN_INT_CONVERSION = YES;
				CLANG_WARN_NON_LITERAL_NULL_CONVERSION = YES;
				CLANG_WARN_OBJC_IMPLICIT_RETAIN_SELF = YES;
				CLANG_WARN_OBJC_LITERAL_CONVERSION = YES;
				CLANG_WARN_OBJC_ROOT_CLASS = YES_ERROR;
				CLANG_WARN_QUOTED_INCLUDE_IN_FRAMEWORK_HEADER = YES;
				CLANG_WARN_RANGE_LOOP_ANALYSIS = YES;
				CLANG_WARN_STRICT_PROTOTYPES = YES;
				CLANG_WARN_SUSPICIOUS_MOVE = YES;
				CLANG_WARN_UNGUARDED_AVAILABILITY = YES_AGGRESSIVE;
				CLANG_WARN_UNREACHABLE_CODE = YES;
				CLANG_WARN__DUPLICATE_METHOD_MATCH = YES;
				COPY_PHASE_STRIP = NO;
				DEBUG_INFORMATION_FORMAT = dwarf;
				ENABLE_STRICT_OBJC_MSGSEND = YES;
				ENABLE_TESTABILITY = YES;
				GCC_C_LANGUAGE_STANDARD = gnu11;
				GCC_DYNAMIC_NO_PIC = NO;
				GCC_NO_COMMON_BLOCKS = YES;
				GCC_OPTIMIZATION_LEVEL = 0;
				GCC_PREPROCESSOR_DEFINITIONS = (
					"DEBUG=1",
					"$(inherited)",
				);
				GCC_WARN_64_TO_32_BIT_CONVERSION = YES;
				GCC_WARN_ABOUT_RETURN_TYPE = YES_ERROR;
				GCC_WARN_UNDECLARED_SELECTOR = YES;
				GCC_WARN_UNINITIALIZED_AUTOS = YES_AGGRESSIVE;
				GCC_WARN_UNUSED_FUNCTION = YES;
				GCC_WARN_UNUSED_VARIABLE = YES;
				IPHONEOS_DEPLOYMENT_TARGET = 15.0;
				MTL_ENABLE_DEBUG_INFO = INCLUDE_SOURCE;
				MTL_FAST_MATH = YES;
				ONLY_ACTIVE_ARCH = YES;
				SDKROOT = iphoneos;
				SWIFT_ACTIVE_COMPILATION_CONDITIONS = DEBUG;
				SWIFT_OPTIMIZATION_LEVEL = "-Onone";
			};
			name = Debug;
		};
		6D8B1CE2279F5CFE00DBD4B9 /* Release */ = {
			isa = XCBuildConfiguration;
			buildSettings = {
				ALWAYS_SEARCH_USER_PATHS = NO;
				CLANG_ANALYZER_NONNULL = YES;
				CLANG_ANALYZER_NUMBER_OBJECT_CONVERSION = YES_AGGRESSIVE;
				CLANG_CXX_LANGUAGE_STANDARD = "gnu++17";
				CLANG_CXX_LIBRARY = "libc++";
				CLANG_ENABLE_MODULES = YES;
				CLANG_ENABLE_OBJC_ARC = YES;
				CLANG_ENABLE_OBJC_WEAK = YES;
				CLANG_WARN_BLOCK_CAPTURE_AUTORELEASING = YES;
				CLANG_WARN_BOOL_CONVERSION = YES;
				CLANG_WARN_COMMA = YES;
				CLANG_WARN_CONSTANT_CONVERSION = YES;
				CLANG_WARN_DEPRECATED_OBJC_IMPLEMENTATIONS = YES;
				CLANG_WARN_DIRECT_OBJC_ISA_USAGE = YES_ERROR;
				CLANG_WARN_DOCUMENTATION_COMMENTS = YES;
				CLANG_WARN_EMPTY_BODY = YES;
				CLANG_WARN_ENUM_CONVERSION = YES;
				CLANG_WARN_INFINITE_RECURSION = YES;
				CLANG_WARN_INT_CONVERSION = YES;
				CLANG_WARN_NON_LITERAL_NULL_CONVERSION = YES;
				CLANG_WARN_OBJC_IMPLICIT_RETAIN_SELF = YES;
				CLANG_WARN_OBJC_LITERAL_CONVERSION = YES;
				CLANG_WARN_OBJC_ROOT_CLASS = YES_ERROR;
				CLANG_WARN_QUOTED_INCLUDE_IN_FRAMEWORK_HEADER = YES;
				CLANG_WARN_RANGE_LOOP_ANALYSIS = YES;
				CLANG_WARN_STRICT_PROTOTYPES = YES;
				CLANG_WARN_SUSPICIOUS_MOVE = YES;
				CLANG_WARN_UNGUARDED_AVAILABILITY = YES_AGGRESSIVE;
				CLANG_WARN_UNREACHABLE_CODE = YES;
				CLANG_WARN__DUPLICATE_METHOD_MATCH = YES;
				COPY_PHASE_STRIP = NO;
				DEBUG_INFORMATION_FORMAT = "dwarf-with-dsym";
				ENABLE_NS_ASSERTIONS = NO;
				ENABLE_STRICT_OBJC_MSGSEND = YES;
				GCC_C_LANGUAGE_STANDARD = gnu11;
				GCC_NO_COMMON_BLOCKS = YES;
				GCC_WARN_64_TO_32_BIT_CONVERSION = YES;
				GCC_WARN_ABOUT_RETURN_TYPE = YES_ERROR;
				GCC_WARN_UNDECLARED_SELECTOR = YES;
				GCC_WARN_UNINITIALIZED_AUTOS = YES_AGGRESSIVE;
				GCC_WARN_UNUSED_FUNCTION = YES;
				GCC_WARN_UNUSED_VARIABLE = YES;
				IPHONEOS_DEPLOYMENT_TARGET = 15.0;
				MTL_ENABLE_DEBUG_INFO = NO;
				MTL_FAST_MATH = YES;
				SDKROOT = iphoneos;
				SWIFT_COMPILATION_MODE = wholemodule;
				SWIFT_OPTIMIZATION_LEVEL = "-O";
				VALIDATE_PRODUCT = YES;
			};
			name = Release;
		};
		6D8B1CE4279F5CFE00DBD4B9 /* Debug */ = {
			isa = XCBuildConfiguration;
			buildSettings = {
				ASSETCATALOG_COMPILER_APPICON_NAME = AppIcon;
				ASSETCATALOG_COMPILER_GLOBAL_ACCENT_COLOR_NAME = AccentColor;
				CODE_SIGN_STYLE = Manual;
				CURRENT_PROJECT_VERSION = 1;
				DEVELOPMENT_TEAM = "";
				GENERATE_INFOPLIST_FILE = YES;
				INFOPLIST_FILE = AddressBook/Resources/Info.plist;
				INFOPLIST_KEY_UIApplicationSupportsIndirectInputEvents = YES;
				INFOPLIST_KEY_UILaunchStoryboardName = LaunchScreen;
				INFOPLIST_KEY_UIMainStoryboardFile = Main;
				INFOPLIST_KEY_UISupportedInterfaceOrientations_iPad = "UIInterfaceOrientationPortrait UIInterfaceOrientationPortraitUpsideDown UIInterfaceOrientationLandscapeLeft UIInterfaceOrientationLandscapeRight";
				INFOPLIST_KEY_UISupportedInterfaceOrientations_iPhone = "UIInterfaceOrientationPortrait UIInterfaceOrientationLandscapeLeft UIInterfaceOrientationLandscapeRight";
				LD_RUNPATH_SEARCH_PATHS = (
					"$(inherited)",
					"@executable_path/Frameworks",
				);
				MARKETING_VERSION = 1.0;
				PRODUCT_BUNDLE_IDENTIFIER = com.stateful.AddressBook;
				PRODUCT_NAME = "$(TARGET_NAME)";
				PROVISIONING_PROFILE_SPECIFIER = "";
				SWIFT_EMIT_LOC_STRINGS = YES;
				SWIFT_VERSION = 5.0;
				TARGETED_DEVICE_FAMILY = "1,2";
			};
			name = Debug;
		};
		6D8B1CE5279F5CFE00DBD4B9 /* Release */ = {
			isa = XCBuildConfiguration;
			buildSettings = {
				ASSETCATALOG_COMPILER_APPICON_NAME = AppIcon;
				ASSETCATALOG_COMPILER_GLOBAL_ACCENT_COLOR_NAME = AccentColor;
				CODE_SIGN_STYLE = Manual;
				CURRENT_PROJECT_VERSION = 1;
				DEVELOPMENT_TEAM = "";
				GENERATE_INFOPLIST_FILE = YES;
				INFOPLIST_FILE = AddressBook/Resources/Info.plist;
				INFOPLIST_KEY_UIApplicationSupportsIndirectInputEvents = YES;
				INFOPLIST_KEY_UILaunchStoryboardName = LaunchScreen;
				INFOPLIST_KEY_UIMainStoryboardFile = Main;
				INFOPLIST_KEY_UISupportedInterfaceOrientations_iPad = "UIInterfaceOrientationPortrait UIInterfaceOrientationPortraitUpsideDown UIInterfaceOrientationLandscapeLeft UIInterfaceOrientationLandscapeRight";
				INFOPLIST_KEY_UISupportedInterfaceOrientations_iPhone = "UIInterfaceOrientationPortrait UIInterfaceOrientationLandscapeLeft UIInterfaceOrientationLandscapeRight";
				LD_RUNPATH_SEARCH_PATHS = (
					"$(inherited)",
					"@executable_path/Frameworks",
				);
				MARKETING_VERSION = 1.0;
				PRODUCT_BUNDLE_IDENTIFIER = com.stateful.AddressBook;
				PRODUCT_NAME = "$(TARGET_NAME)";
				PROVISIONING_PROFILE_SPECIFIER = "";
				SWIFT_EMIT_LOC_STRINGS = YES;
				SWIFT_VERSION = 5.0;
				TARGETED_DEVICE_FAMILY = "1,2";
			};
			name = Release;
		};
/* End XCBuildConfiguration section */

/* Begin XCConfigurationList section */
		6D8B1CCA279F5CFC00DBD4B9 /* Build configuration list for PBXProject "AddressBook" */ = {
			isa = XCConfigurationList;
			buildConfigurations = (
				6D8B1CE1279F5CFE00DBD4B9 /* Debug */,
				6D8B1CE2279F5CFE00DBD4B9 /* Release */,
			);
			defaultConfigurationIsVisible = 0;
			defaultConfigurationName = Release;
		};
		6D8B1CE3279F5CFE00DBD4B9 /* Build configuration list for PBXNativeTarget "AddressBook" */ = {
			isa = XCConfigurationList;
			buildConfigurations = (
				6D8B1CE4279F5CFE00DBD4B9 /* Debug */,
				6D8B1CE5279F5CFE00DBD4B9 /* Release */,
			);
			defaultConfigurationIsVisible = 0;
			defaultConfigurationName = Release;
		};
/* End XCConfigurationList section */
	};
	rootObject = 6D8B1CC7279F5CFC00DBD4B9 /* Project object */;
}
